
Microsoft Visual Studio Solution File, Format Version 12.00
# Visual Studio 15
VisualStudioVersion = 15.0.26430.4
MinimumVisualStudioVersion = 10.0.40219.1
Project("{FAE04EC0-301F-11D3-BF4B-00C04F79EFBC}") = "Supplies", "Supplies\Supplies.csproj", "{DF6E4727-DAE6-48CB-B20C-CE370C35FA63}"
EndProject
Project("{FAE04EC0-301F-11D3-BF4B-00C04F79EFBC}") = "DataBaseTask", "DataBaseTask\DataBaseTask.csproj", "{3B605AB1-96C4-43C0-B09A-B7F2642DB292}"
EndProject
Global
	GlobalSection(SolutionConfigurationPlatforms) = preSolution
		Debug|Any CPU = Debug|Any CPU
		Release|Any CPU = Release|Any CPU
	EndGlobalSection
	GlobalSection(ProjectConfigurationPlatforms) = postSolution
		{DF6E4727-DAE6-48CB-B20C-CE370C35FA63}.Debug|Any CPU.ActiveCfg = Debug|Any CPU
		{DF6E4727-DAE6-48CB-B20C-CE370C35FA63}.Debug|Any CPU.Build.0 = Debug|Any CPU
		{DF6E4727-DAE6-48CB-B20C-CE370C35FA63}.Release|Any CPU.ActiveCfg = Release|Any CPU
		{DF6E4727-DAE6-48CB-B20C-CE370C35FA63}.Release|Any CPU.Build.0 = Release|Any CPU
		{3B605AB1-96C4-43C0-B09A-B7F2642DB292}.Debug|Any CPU.ActiveCfg = Debug|Any CPU
		{3B605AB1-96C4-43C0-B09A-B7F2642DB292}.Debug|Any CPU.Build.0 = Debug|Any CPU
		{3B605AB1-96C4-43C0-B09A-B7F2642DB292}.Release|Any CPU.ActiveCfg = Release|Any CPU
		{3B605AB1-96C4-43C0-B09A-B7F2642DB292}.Release|Any CPU.Build.0 = Release|Any CPU
	EndGlobalSection
	GlobalSection(SolutionProperties) = preSolution
		HideSolutionNode = FALSE
	EndGlobalSection
EndGlobal
